
Microsoft Visual Studio Solution File, Format Version 12.00
# Visual Studio Version 16
VisualStudioVersion = 16.0.31112.23
MinimumVisualStudioVersion = 10.0.40219.1
Project("{8BC9CEB8-8B4A-11D0-8D11-00A0C91BC942}") = "PongC++", "PongC++\PongC++.vcxproj", "{0E2331EB-37F4-411A-9D62-452680F3690F}"
EndProject
Global
	GlobalSection(SolutionConfigurationPlatforms) = preSolution
		Debug|x64 = Debug|x64
		Debug|x86 = Debug|x86
		Release|x64 = Release|x64
		Release|x86 = Release|x86
	EndGlobalSection
	GlobalSection(ProjectConfigurationPlatforms) = postSolution
		{0E2331EB-37F4-411A-9D62-452680F3690F}.Debug|x64.ActiveCfg = Debug|x64
		{0E2331EB-37F4-411A-9D62-452680F3690F}.Debug|x64.Build.0 = Debug|x64
		{0E2331EB-37F4-411A-9D62-452680F3690F}.Debug|x86.ActiveCfg = Debug|Win32
		{0E2331EB-37F4-411A-9D62-452680F3690F}.Debug|x86.Build.0 = Debug|Win32
		{0E2331EB-37F4-411A-9D62-452680F3690F}.Release|x64.ActiveCfg = Release|x64
		{0E2331EB-37F4-411A-9D62-452680F3690F}.Release|x64.Build.0 = Release|x64
		{0E2331EB-37F4-411A-9D62-452680F3690F}.Release|x86.ActiveCfg = Release|Win32
		{0E2331EB-37F4-411A-9D62-452680F3690F}.Release|x86.Build.0 = Release|Win32
	EndGlobalSection
	GlobalSection(SolutionProperties) = preSolution
		HideSolutionNode = FALSE
	EndGlobalSection
	GlobalSection(ExtensibilityGlobals) = postSolution
		SolutionGuid = {A010F03F-039C-4568-A77B-2D1A6DAF2232}
	EndGlobalSection
EndGlobal
